
Microsoft Visual Studio Solution File, Format Version 12.00
# Visual Studio Version 17
VisualStudioVersion = 17.9.34728.123
MinimumVisualStudioVersion = 10.0.40219.1
Project("{FAE04EC0-301F-11D3-BF4B-00C04F79EFBC}") = "CLOUDNA_ECOMMERCE", "CLOUDNA_ECOMMERCE.csproj", "{AB99B785-B074-4B76-ABEF-20D610D3953B}"
EndProject
Global
	GlobalSection(SolutionConfigurationPlatforms) = preSolution
		Debug|Any CPU = Debug|Any CPU
		Release|Any CPU = Release|Any CPU
	EndGlobalSection
	GlobalSection(ProjectConfigurationPlatforms) = postSolution
		{AB99B785-B074-4B76-ABEF-20D610D3953B}.Debug|Any CPU.ActiveCfg = Debug|Any CPU
		{AB99B785-B074-4B76-ABEF-20D610D3953B}.Debug|Any CPU.Build.0 = Debug|Any CPU
		{AB99B785-B074-4B76-ABEF-20D610D3953B}.Release|Any CPU.ActiveCfg = Release|Any CPU
		{AB99B785-B074-4B76-ABEF-20D610D3953B}.Release|Any CPU.Build.0 = Release|Any CPU
	EndGlobalSection
	GlobalSection(SolutionProperties) = preSolution
		HideSolutionNode = FALSE
	EndGlobalSection
	GlobalSection(ExtensibilityGlobals) = postSolution
		SolutionGuid = {32BA3244-C2EE-4CED-BED2-1B88D05F24A4}
	EndGlobalSection
EndGlobal
